
Microsoft Visual Studio Solution File, Format Version 12.00
# Visual Studio Version 16
VisualStudioVersion = 16.0.28803.202
MinimumVisualStudioVersion = 10.0.40219.1
Project("{FAE04EC0-301F-11D3-BF4B-00C04F79EFBC}") = "kiranaEPICS", "kiranaEPICS\kiranaEPICS.csproj", "{72CD1C5E-C8F5-40C7-BDB7-6E1264A07115}"
EndProject
Global
	GlobalSection(SolutionConfigurationPlatforms) = preSolution
		Debug|Any CPU = Debug|Any CPU
		Release|Any CPU = Release|Any CPU
	EndGlobalSection
	GlobalSection(ProjectConfigurationPlatforms) = postSolution
		{72CD1C5E-C8F5-40C7-BDB7-6E1264A07115}.Debug|Any CPU.ActiveCfg = Debug|Any CPU
		{72CD1C5E-C8F5-40C7-BDB7-6E1264A07115}.Debug|Any CPU.Build.0 = Debug|Any CPU
		{72CD1C5E-C8F5-40C7-BDB7-6E1264A07115}.Release|Any CPU.ActiveCfg = Release|Any CPU
		{72CD1C5E-C8F5-40C7-BDB7-6E1264A07115}.Release|Any CPU.Build.0 = Release|Any CPU
	EndGlobalSection
	GlobalSection(SolutionProperties) = preSolution
		HideSolutionNode = FALSE
	EndGlobalSection
	GlobalSection(ExtensibilityGlobals) = postSolution
		SolutionGuid = {340E839E-2E24-4244-8B1B-F9868BE3A34E}
	EndGlobalSection
EndGlobal
